{
  "object": {
    "pins": [
      {
        "package": "Charts",
        "repositoryURL": "https://github.com/danielgindi/Charts",
        "state": {
          "branch": null,
          "revision": "8d134a78bb2cb9e7a0f05ecbd5880bb05cd02863",
          "version": "4.0.1"
        }
      },
      {
        "package": "Money",
        "repositoryURL": "https://github.com/Flight-School/Money",
        "state": {
          "branch": null,
          "revision": "acc8e571313df5be647a009c04a50b419fb3455f",
          "version": "1.3.0"
        }
      },
      {
        "package": "swift-algorithms",
        "repositoryURL": "https://github.com/apple/swift-algorithms",
        "state": {
          "branch": null,
          "revision": "2327673b0e9c7e90e6b1826376526ec3627210e4",
          "version": "0.2.1"
        }
      },
      {
        "package": "swift-numerics",
        "repositoryURL": "https://github.com/apple/swift-numerics",
        "state": {
          "branch": null,
          "revision": "6583ac70c326c3ee080c1d42d9ca3361dca816cd",
          "version": "0.1.0"
        }
      }
    ]
  },
  "version": 1
}
