{
  "originHash" : "4fc25296b7fe2d5523c5a40b6bbddb7108084d54ed315b67be6595fc89e9a325",
  "pins" : [
    {
      "identity" : "charts",
      "kind" : "remoteSourceControl",
      "location" : "https://github.com/danielgindi/Charts",
      "state" : {
        "revision" : "dd9c72e3d7e751e769971092a6bd72d39198ae63",
        "version" : "5.1.0"
      }
    },
    {
      "identity" : "money",
      "kind" : "remoteSourceControl",
      "location" : "https://github.com/Flight-School/Money",
      "state" : {
        "revision" : "135604c4966b2cc0be180182f23778660175b031",
        "version" : "1.4.0"
      }
    }
  ],
  "version" : 3
}
