// !$*UTF8*$!
{
	archiveVersion = 1;
	classes = {
	};
	objectVersion = 55;
	objects = {

/* Begin PBXBuildFile section */
		1A0484C5272E9BB60008E1F3 /* AccountRecordList.swift in Sources */ = {isa = PBXBuildFile; fileRef = 1A0484C4272E9BB60008E1F3 /* AccountRecordList.swift */; };
		1A0CCDCF2734BCD5008844F2 /* RenameSheet.swift in Sources */ = {isa = PBXBuildFile; fileRef = 1A0CCDCE2734BCD5008844F2 /* RenameSheet.swift */; };
		1A10191A2733A9D60058D817 /* TableViewController.swift in Sources */ = {isa = PBXBuildFile; fileRef = 1A1019192733A9D60058D817 /* TableViewController.swift */; };
		1A15839C27375D6500F118F1 /* PortfolioSettings.swift in Sources */ = {isa = PBXBuildFile; fileRef = 1A15839B27375D6500F118F1 /* PortfolioSettings.swift */; };
		1A15839D27375D6500F118F1 /* PortfolioSettings.swift in Sources */ = {isa = PBXBuildFile; fileRef = 1A15839B27375D6500F118F1 /* PortfolioSettings.swift */; };
		1A1583A027377D7300F118F1 /* Cryptocurrency.swift in Sources */ = {isa = PBXBuildFile; fileRef = 1A15839F27377D7300F118F1 /* Cryptocurrency.swift */; };
		1A1583A127377D7300F118F1 /* Cryptocurrency.swift in Sources */ = {isa = PBXBuildFile; fileRef = 1A15839F27377D7300F118F1 /* Cryptocurrency.swift */; };
		1A16F4F52737E816002F73C0 /* CurrencyFormatter.swift in Sources */ = {isa = PBXBuildFile; fileRef = 1A16F4F42737E816002F73C0 /* CurrencyFormatter.swift */; };
		1A16F4F62737E816002F73C0 /* CurrencyFormatter.swift in Sources */ = {isa = PBXBuildFile; fileRef = 1A16F4F42737E816002F73C0 /* CurrencyFormatter.swift */; };
		1A21928126A565F60032A15D /* Returns.xcdatamodeld in Sources */ = {isa = PBXBuildFile; fileRef = 1A21927026A565F50032A15D /* Returns.xcdatamodeld */; };
		1A21928226A565F60032A15D /* Returns.xcdatamodeld in Sources */ = {isa = PBXBuildFile; fileRef = 1A21927026A565F50032A15D /* Returns.xcdatamodeld */; };
		1A21928326A565F60032A15D /* ReturnsApp.swift in Sources */ = {isa = PBXBuildFile; fileRef = 1A21927226A565F50032A15D /* ReturnsApp.swift */; };
		1A21928426A565F60032A15D /* ReturnsApp.swift in Sources */ = {isa = PBXBuildFile; fileRef = 1A21927226A565F50032A15D /* ReturnsApp.swift */; };
		1A21928526A565F60032A15D /* ContentView.swift in Sources */ = {isa = PBXBuildFile; fileRef = 1A21927326A565F50032A15D /* ContentView.swift */; };
		1A21928626A565F60032A15D /* ContentView.swift in Sources */ = {isa = PBXBuildFile; fileRef = 1A21927326A565F50032A15D /* ContentView.swift */; };
		1A21928726A565F60032A15D /* Persistence.swift in Sources */ = {isa = PBXBuildFile; fileRef = 1A21927426A565F50032A15D /* Persistence.swift */; };
		1A21928826A565F60032A15D /* Persistence.swift in Sources */ = {isa = PBXBuildFile; fileRef = 1A21927426A565F50032A15D /* Persistence.swift */; };
		1A21928926A565F60032A15D /* Assets.xcassets in Resources */ = {isa = PBXBuildFile; fileRef = 1A21927526A565F60032A15D /* Assets.xcassets */; };
		1A21928A26A565F60032A15D /* Assets.xcassets in Resources */ = {isa = PBXBuildFile; fileRef = 1A21927526A565F60032A15D /* Assets.xcassets */; };
		1A21929A26A574C00032A15D /* PortfolioListView.swift in Sources */ = {isa = PBXBuildFile; fileRef = 1A21929926A574C00032A15D /* PortfolioListView.swift */; };
		1A21929C26A574D90032A15D /* PortfolioListView.swift in Sources */ = {isa = PBXBuildFile; fileRef = 1A21929B26A574D90032A15D /* PortfolioListView.swift */; };
		1A21929E26A6C1020032A15D /* Sidebar.swift in Sources */ = {isa = PBXBuildFile; fileRef = 1A21929D26A6C1020032A15D /* Sidebar.swift */; };
		1A3026CD27391228008B0980 /* Charts in Frameworks */ = {isa = PBXBuildFile; productRef = 1A3026CC27391228008B0980 /* Charts */; };
		1A466BE527328CB5003FE54A /* RecordCell.swift in Sources */ = {isa = PBXBuildFile; fileRef = 1A466BE427328CB5003FE54A /* RecordCell.swift */; };
		1A5F38F72736C60600105DD3 /* CurrencySymbol.swift in Sources */ = {isa = PBXBuildFile; fileRef = 1A5F38F62736C60600105DD3 /* CurrencySymbol.swift */; };
		1A5F38F82736C60600105DD3 /* CurrencySymbol.swift in Sources */ = {isa = PBXBuildFile; fileRef = 1A5F38F62736C60600105DD3 /* CurrencySymbol.swift */; };
		1A6AD1BD273683FB004FA67B /* Money in Frameworks */ = {isa = PBXBuildFile; productRef = 1A6AD1BC273683FB004FA67B /* Money */; };
		1A6AD1C027368471004FA67B /* Money in Frameworks */ = {isa = PBXBuildFile; productRef = 1A6AD1BF27368471004FA67B /* Money */; };
		1A6AD1C22736847F004FA67B /* Currency.swift in Sources */ = {isa = PBXBuildFile; fileRef = 1A6AD1C12736847F004FA67B /* Currency.swift */; };
		1A6AD1C32736847F004FA67B /* Currency.swift in Sources */ = {isa = PBXBuildFile; fileRef = 1A6AD1C12736847F004FA67B /* Currency.swift */; };
		1A6AD1C627368A81004FA67B /* SettingsView.swift in Sources */ = {isa = PBXBuildFile; fileRef = 1A6AD1C527368A81004FA67B /* SettingsView.swift */; };
		1A718C032731145F00B26288 /* PortfolioView.swift in Sources */ = {isa = PBXBuildFile; fileRef = 1A718C022731145F00B26288 /* PortfolioView.swift */; };
		1A718C06273127B500B26288 /* Portfolio.swift in Sources */ = {isa = PBXBuildFile; fileRef = 1A718C05273127B500B26288 /* Portfolio.swift */; };
		1A7DE6932739208C00250471 /* GrowthChart.swift in Sources */ = {isa = PBXBuildFile; fileRef = 1A7DE6922739208C00250471 /* GrowthChart.swift */; };
		1A966C732734A06700B0CA93 /* AccountRow.swift in Sources */ = {isa = PBXBuildFile; fileRef = 1A966C722734A06700B0CA93 /* AccountRow.swift */; };
		1AA75730273B40B7002ABCD6 /* Balance.swift in Sources */ = {isa = PBXBuildFile; fileRef = 1AA7572F273B40B7002ABCD6 /* Balance.swift */; };
		1AA75731273B40B7002ABCD6 /* Balance.swift in Sources */ = {isa = PBXBuildFile; fileRef = 1AA7572F273B40B7002ABCD6 /* Balance.swift */; };
		1AA75733273B42F7002ABCD6 /* Decimal.swift in Sources */ = {isa = PBXBuildFile; fileRef = 1AA75732273B42F7002ABCD6 /* Decimal.swift */; };
		1AA75734273B42F7002ABCD6 /* Decimal.swift in Sources */ = {isa = PBXBuildFile; fileRef = 1AA75732273B42F7002ABCD6 /* Decimal.swift */; };
		1AA75736273B4BF8002ABCD6 /* ChartData.swift in Sources */ = {isa = PBXBuildFile; fileRef = 1AA75735273B4BF8002ABCD6 /* ChartData.swift */; };
		1AA75737273B4BF8002ABCD6 /* ChartData.swift in Sources */ = {isa = PBXBuildFile; fileRef = 1AA75735273B4BF8002ABCD6 /* ChartData.swift */; };
		1AA90ABD2738A6E500D8A794 /* InfoPlist.strings in Resources */ = {isa = PBXBuildFile; fileRef = 1AA90ABC2738A6E500D8A794 /* InfoPlist.strings */; };
		1AA90ABF2738B98900D8A794 /* PortfolioConfig.swift in Sources */ = {isa = PBXBuildFile; fileRef = 1AA90ABE2738B98900D8A794 /* PortfolioConfig.swift */; };
		1AA90AC02738B98900D8A794 /* PortfolioConfig.swift in Sources */ = {isa = PBXBuildFile; fileRef = 1AA90ABE2738B98900D8A794 /* PortfolioConfig.swift */; };
		1ABDFD652735240B00959FA8 /* ConfigurePortfolioView.swift in Sources */ = {isa = PBXBuildFile; fileRef = 1ABDFD642735240B00959FA8 /* ConfigurePortfolioView.swift */; };
		1AF18E9927321175008C9984 /* PortfolioRow.swift in Sources */ = {isa = PBXBuildFile; fileRef = 1AF18E9827321174008C9984 /* PortfolioRow.swift */; };
		1AF18E9B27324CB2008C9984 /* Account.swift in Sources */ = {isa = PBXBuildFile; fileRef = 1AF18E9A27324CB2008C9984 /* Account.swift */; };
		1AF18E9D27324CFB008C9984 /* Record.swift in Sources */ = {isa = PBXBuildFile; fileRef = 1AF18E9C27324CFB008C9984 /* Record.swift */; };
		1AF18EA027325121008C9984 /* Date.swift in Sources */ = {isa = PBXBuildFile; fileRef = 1AF18E9F27325121008C9984 /* Date.swift */; };
		1AF18EA127325121008C9984 /* Date.swift in Sources */ = {isa = PBXBuildFile; fileRef = 1AF18E9F27325121008C9984 /* Date.swift */; };
		1AF18EA227325853008C9984 /* Portfolio.swift in Sources */ = {isa = PBXBuildFile; fileRef = 1A718C05273127B500B26288 /* Portfolio.swift */; };
		1AF18EA327325856008C9984 /* Account.swift in Sources */ = {isa = PBXBuildFile; fileRef = 1AF18E9A27324CB2008C9984 /* Account.swift */; };
		1AF18EA427325859008C9984 /* Record.swift in Sources */ = {isa = PBXBuildFile; fileRef = 1AF18E9C27324CFB008C9984 /* Record.swift */; };
/* End PBXBuildFile section */

/* Begin PBXFileReference section */
		1A0484C4272E9BB60008E1F3 /* AccountRecordList.swift */ = {isa = PBXFileReference; lastKnownFileType = sourcecode.swift; path = AccountRecordList.swift; sourceTree = "<group>"; };
		1A0CCDCE2734BCD5008844F2 /* RenameSheet.swift */ = {isa = PBXFileReference; lastKnownFileType = sourcecode.swift; path = RenameSheet.swift; sourceTree = "<group>"; };
		1A1019192733A9D60058D817 /* TableViewController.swift */ = {isa = PBXFileReference; lastKnownFileType = sourcecode.swift; path = TableViewController.swift; sourceTree = "<group>"; };
		1A15839B27375D6500F118F1 /* PortfolioSettings.swift */ = {isa = PBXFileReference; lastKnownFileType = sourcecode.swift; path = PortfolioSettings.swift; sourceTree = "<group>"; };
		1A15839F27377D7300F118F1 /* Cryptocurrency.swift */ = {isa = PBXFileReference; lastKnownFileType = sourcecode.swift; path = Cryptocurrency.swift; sourceTree = "<group>"; };
		1A16F4F42737E816002F73C0 /* CurrencyFormatter.swift */ = {isa = PBXFileReference; lastKnownFileType = sourcecode.swift; path = CurrencyFormatter.swift; sourceTree = "<group>"; };
		1A21927126A565F50032A15D /* Shared.xcdatamodel */ = {isa = PBXFileReference; lastKnownFileType = wrapper.xcdatamodel; path = Shared.xcdatamodel; sourceTree = "<group>"; };
		1A21927226A565F50032A15D /* ReturnsApp.swift */ = {isa = PBXFileReference; lastKnownFileType = sourcecode.swift; path = ReturnsApp.swift; sourceTree = "<group>"; };
		1A21927326A565F50032A15D /* ContentView.swift */ = {isa = PBXFileReference; lastKnownFileType = sourcecode.swift; path = ContentView.swift; sourceTree = "<group>"; };
		1A21927426A565F50032A15D /* Persistence.swift */ = {isa = PBXFileReference; lastKnownFileType = sourcecode.swift; path = Persistence.swift; sourceTree = "<group>"; };
		1A21927526A565F60032A15D /* Assets.xcassets */ = {isa = PBXFileReference; lastKnownFileType = folder.assetcatalog; path = Assets.xcassets; sourceTree = "<group>"; };
		1A21927A26A565F60032A15D /* Returns.app */ = {isa = PBXFileReference; explicitFileType = wrapper.application; includeInIndex = 0; path = Returns.app; sourceTree = BUILT_PRODUCTS_DIR; };
		1A21928026A565F60032A15D /* Returns.app */ = {isa = PBXFileReference; explicitFileType = wrapper.application; includeInIndex = 0; path = Returns.app; sourceTree = BUILT_PRODUCTS_DIR; };
		1A21929326A56B9C0032A15D /* Info.plist */ = {isa = PBXFileReference; lastKnownFileType = text.plist.xml; path = Info.plist; sourceTree = "<group>"; };
		1A21929926A574C00032A15D /* PortfolioListView.swift */ = {isa = PBXFileReference; lastKnownFileType = sourcecode.swift; path = PortfolioListView.swift; sourceTree = "<group>"; };
		1A21929B26A574D90032A15D /* PortfolioListView.swift */ = {isa = PBXFileReference; lastKnownFileType = sourcecode.swift; path = PortfolioListView.swift; sourceTree = "<group>"; };
		1A21929D26A6C1020032A15D /* Sidebar.swift */ = {isa = PBXFileReference; lastKnownFileType = sourcecode.swift; path = Sidebar.swift; sourceTree = "<group>"; };
		1A466BE427328CB5003FE54A /* RecordCell.swift */ = {isa = PBXFileReference; lastKnownFileType = sourcecode.swift; path = RecordCell.swift; sourceTree = "<group>"; };
		1A5F38F62736C60600105DD3 /* CurrencySymbol.swift */ = {isa = PBXFileReference; lastKnownFileType = sourcecode.swift; path = CurrencySymbol.swift; sourceTree = "<group>"; };
		1A6AD1C12736847F004FA67B /* Currency.swift */ = {isa = PBXFileReference; lastKnownFileType = sourcecode.swift; path = Currency.swift; sourceTree = "<group>"; };
		1A6AD1C527368A81004FA67B /* SettingsView.swift */ = {isa = PBXFileReference; lastKnownFileType = sourcecode.swift; path = SettingsView.swift; sourceTree = "<group>"; };
		1A718C022731145F00B26288 /* PortfolioView.swift */ = {isa = PBXFileReference; lastKnownFileType = sourcecode.swift; path = PortfolioView.swift; sourceTree = "<group>"; };
		1A718C05273127B500B26288 /* Portfolio.swift */ = {isa = PBXFileReference; lastKnownFileType = sourcecode.swift; path = Portfolio.swift; sourceTree = "<group>"; };
		1A7DE6922739208C00250471 /* GrowthChart.swift */ = {isa = PBXFileReference; lastKnownFileType = sourcecode.swift; path = GrowthChart.swift; sourceTree = "<group>"; };
		1A966C722734A06700B0CA93 /* AccountRow.swift */ = {isa = PBXFileReference; lastKnownFileType = sourcecode.swift; path = AccountRow.swift; sourceTree = "<group>"; };
		1AA7572F273B40B7002ABCD6 /* Balance.swift */ = {isa = PBXFileReference; lastKnownFileType = sourcecode.swift; path = Balance.swift; sourceTree = "<group>"; };
		1AA75732273B42F7002ABCD6 /* Decimal.swift */ = {isa = PBXFileReference; lastKnownFileType = sourcecode.swift; path = Decimal.swift; sourceTree = "<group>"; };
		1AA75735273B4BF8002ABCD6 /* ChartData.swift */ = {isa = PBXFileReference; lastKnownFileType = sourcecode.swift; path = ChartData.swift; sourceTree = "<group>"; };
		1AA90ABC2738A6E500D8A794 /* InfoPlist.strings */ = {isa = PBXFileReference; lastKnownFileType = text.plist.strings; path = InfoPlist.strings; sourceTree = "<group>"; };
		1AA90ABE2738B98900D8A794 /* PortfolioConfig.swift */ = {isa = PBXFileReference; lastKnownFileType = sourcecode.swift; path = PortfolioConfig.swift; sourceTree = "<group>"; };
		1ABDFD642735240B00959FA8 /* ConfigurePortfolioView.swift */ = {isa = PBXFileReference; lastKnownFileType = sourcecode.swift; path = ConfigurePortfolioView.swift; sourceTree = "<group>"; };
		1AF18E9827321174008C9984 /* PortfolioRow.swift */ = {isa = PBXFileReference; lastKnownFileType = sourcecode.swift; path = PortfolioRow.swift; sourceTree = "<group>"; };
		1AF18E9A27324CB2008C9984 /* Account.swift */ = {isa = PBXFileReference; lastKnownFileType = sourcecode.swift; path = Account.swift; sourceTree = "<group>"; };
		1AF18E9C27324CFB008C9984 /* Record.swift */ = {isa = PBXFileReference; lastKnownFileType = sourcecode.swift; path = Record.swift; sourceTree = "<group>"; };
		1AF18E9F27325121008C9984 /* Date.swift */ = {isa = PBXFileReference; lastKnownFileType = sourcecode.swift; path = Date.swift; sourceTree = "<group>"; };
/* End PBXFileReference section */

/* Begin PBXFrameworksBuildPhase section */
		1A21927726A565F60032A15D /* Frameworks */ = {
			isa = PBXFrameworksBuildPhase;
			buildActionMask = 2147483647;
			files = (
				1A6AD1C027368471004FA67B /* Money in Frameworks */,
			);
			runOnlyForDeploymentPostprocessing = 0;
		};
		1A21927D26A565F60032A15D /* Frameworks */ = {
			isa = PBXFrameworksBuildPhase;
			buildActionMask = 2147483647;
			files = (
				1A6AD1BD273683FB004FA67B /* Money in Frameworks */,
				1A3026CD27391228008B0980 /* Charts in Frameworks */,
			);
			runOnlyForDeploymentPostprocessing = 0;
		};
/* End PBXFrameworksBuildPhase section */

/* Begin PBXGroup section */
		1A15839E27377D4100F118F1 /* Currency */ = {
			isa = PBXGroup;
			children = (
				1A6AD1C12736847F004FA67B /* Currency.swift */,
				1A5F38F62736C60600105DD3 /* CurrencySymbol.swift */,
				1A15839F27377D7300F118F1 /* Cryptocurrency.swift */,
				1A16F4F42737E816002F73C0 /* CurrencyFormatter.swift */,
			);
			path = Currency;
			sourceTree = "<group>";
		};
		1A1583A22737844C00F118F1 /* Portfolio */ = {
			isa = PBXGroup;
			children = (
				1A718C05273127B500B26288 /* Portfolio.swift */,
				1AA90ABE2738B98900D8A794 /* PortfolioConfig.swift */,
				1A15839B27375D6500F118F1 /* PortfolioSettings.swift */,
			);
			path = Portfolio;
			sourceTree = "<group>";
		};
		1A21926A26A565F50032A15D = {
			isa = PBXGroup;
			children = (
				1A21926F26A565F50032A15D /* Shared */,
				1A21929426A56BB70032A15D /* macOS */,
				1A21929526A572FC0032A15D /* iOS */,
				1A21927B26A565F60032A15D /* Products */,
				1A6AD1BE27368471004FA67B /* Frameworks */,
			);
			sourceTree = "<group>";
		};
		1A21926F26A565F50032A15D /* Shared */ = {
			isa = PBXGroup;
			children = (
				1AF18E9E27325112008C9984 /* Extensions */,
				1A718C04273127A100B26288 /* Models */,
				1A21929626A574520032A15D /* Views */,
				1A21927226A565F50032A15D /* ReturnsApp.swift */,
				1A21927426A565F50032A15D /* Persistence.swift */,
				1A21927526A565F60032A15D /* Assets.xcassets */,
				1A21927026A565F50032A15D /* Returns.xcdatamodeld */,
			);
			path = Shared;
			sourceTree = "<group>";
		};
		1A21927B26A565F60032A15D /* Products */ = {
			isa = PBXGroup;
			children = (
				1A21927A26A565F60032A15D /* Returns.app */,
				1A21928026A565F60032A15D /* Returns.app */,
			);
			name = Products;
			sourceTree = "<group>";
		};
		1A21929426A56BB70032A15D /* macOS */ = {
			isa = PBXGroup;
			children = (
				1A21929826A574610032A15D /* Views */,
				1A21929326A56B9C0032A15D /* Info.plist */,
				1AA90ABC2738A6E500D8A794 /* InfoPlist.strings */,
			);
			path = macOS;
			sourceTree = "<group>";
		};
		1A21929526A572FC0032A15D /* iOS */ = {
			isa = PBXGroup;
			children = (
				1A21929726A5745B0032A15D /* Views */,
			);
			path = iOS;
			sourceTree = "<group>";
		};
		1A21929626A574520032A15D /* Views */ = {
			isa = PBXGroup;
			children = (
				1A21927326A565F50032A15D /* ContentView.swift */,
			);
			path = Views;
			sourceTree = "<group>";
		};
		1A21929726A5745B0032A15D /* Views */ = {
			isa = PBXGroup;
			children = (
				1A21929926A574C00032A15D /* PortfolioListView.swift */,
			);
			path = Views;
			sourceTree = "<group>";
		};
		1A21929826A574610032A15D /* Views */ = {
			isa = PBXGroup;
			children = (
				1A21929B26A574D90032A15D /* PortfolioListView.swift */,
				1A6AD1C427368A6D004FA67B /* Settings */,
				1A9CF8A827335CE40051199A /* Sidebar */,
				1A9CF8A927335CFE0051199A /* PortfolioView */,
				1A9CF8AA27335D140051199A /* AccountRecords */,
			);
			path = Views;
			sourceTree = "<group>";
		};
		1A6AD1BE27368471004FA67B /* Frameworks */ = {
			isa = PBXGroup;
			children = (
			);
			name = Frameworks;
			sourceTree = "<group>";
		};
		1A6AD1C427368A6D004FA67B /* Settings */ = {
			isa = PBXGroup;
			children = (
				1A6AD1C527368A81004FA67B /* SettingsView.swift */,
			);
			path = Settings;
			sourceTree = "<group>";
		};
		1A718C04273127A100B26288 /* Models */ = {
			isa = PBXGroup;
			children = (
				1AA7572E273B4055002ABCD6 /* Calculations */,
				1A15839E27377D4100F118F1 /* Currency */,
				1A1583A22737844C00F118F1 /* Portfolio */,
				1AF18E9A27324CB2008C9984 /* Account.swift */,
				1AF18E9C27324CFB008C9984 /* Record.swift */,
			);
			path = Models;
			sourceTree = "<group>";
		};
		1A9CF8A827335CE40051199A /* Sidebar */ = {
			isa = PBXGroup;
			children = (
				1A21929D26A6C1020032A15D /* Sidebar.swift */,
				1AF18E9827321174008C9984 /* PortfolioRow.swift */,
				1A966C722734A06700B0CA93 /* AccountRow.swift */,
				1A0CCDCE2734BCD5008844F2 /* RenameSheet.swift */,
			);
			path = Sidebar;
			sourceTree = "<group>";
		};
		1A9CF8A927335CFE0051199A /* PortfolioView */ = {
			isa = PBXGroup;
			children = (
				1A718C022731145F00B26288 /* PortfolioView.swift */,
				1A7DE6922739208C00250471 /* GrowthChart.swift */,
				1ABDFD642735240B00959FA8 /* ConfigurePortfolioView.swift */,
			);
			path = PortfolioView;
			sourceTree = "<group>";
		};
		1A9CF8AA27335D140051199A /* AccountRecords */ = {
			isa = PBXGroup;
			children = (
				1A0484C4272E9BB60008E1F3 /* AccountRecordList.swift */,
				1A1019192733A9D60058D817 /* TableViewController.swift */,
				1A466BE427328CB5003FE54A /* RecordCell.swift */,
			);
			path = AccountRecords;
			sourceTree = "<group>";
		};
		1AA7572E273B4055002ABCD6 /* Calculations */ = {
			isa = PBXGroup;
			children = (
				1AA7572F273B40B7002ABCD6 /* Balance.swift */,
				1AA75735273B4BF8002ABCD6 /* ChartData.swift */,
			);
			path = Calculations;
			sourceTree = "<group>";
		};
		1AF18E9E27325112008C9984 /* Extensions */ = {
			isa = PBXGroup;
			children = (
				1AF18E9F27325121008C9984 /* Date.swift */,
				1AA75732273B42F7002ABCD6 /* Decimal.swift */,
			);
			path = Extensions;
			sourceTree = "<group>";
		};
/* End PBXGroup section */

/* Begin PBXNativeTarget section */
		1A21927926A565F60032A15D /* Returns (iOS) */ = {
			isa = PBXNativeTarget;
			buildConfigurationList = 1A21928D26A565F60032A15D /* Build configuration list for PBXNativeTarget "Returns (iOS)" */;
			buildPhases = (
				1A21927626A565F60032A15D /* Sources */,
				1A21927726A565F60032A15D /* Frameworks */,
				1A21927826A565F60032A15D /* Resources */,
			);
			buildRules = (
			);
			dependencies = (
			);
			name = "Returns (iOS)";
			packageProductDependencies = (
				1A6AD1BF27368471004FA67B /* Money */,
			);
			productName = "Returns (iOS)";
			productReference = 1A21927A26A565F60032A15D /* Returns.app */;
			productType = "com.apple.product-type.application";
		};
		1A21927F26A565F60032A15D /* Returns (macOS) */ = {
			isa = PBXNativeTarget;
			buildConfigurationList = 1A21929026A565F60032A15D /* Build configuration list for PBXNativeTarget "Returns (macOS)" */;
			buildPhases = (
				1A21927C26A565F60032A15D /* Sources */,
				1A21927D26A565F60032A15D /* Frameworks */,
				1A21927E26A565F60032A15D /* Resources */,
			);
			buildRules = (
			);
			dependencies = (
			);
			name = "Returns (macOS)";
			packageProductDependencies = (
				1A6AD1BC273683FB004FA67B /* Money */,
				1A3026CC27391228008B0980 /* Charts */,
			);
			productName = "Returns (macOS)";
			productReference = 1A21928026A565F60032A15D /* Returns.app */;
			productType = "com.apple.product-type.application";
		};
/* End PBXNativeTarget section */

/* Begin PBXProject section */
		1A21926B26A565F50032A15D /* Project object */ = {
			isa = PBXProject;
			attributes = {
				BuildIndependentTargetsInParallel = 1;
				LastSwiftUpdateCheck = 1300;
				LastUpgradeCheck = 1310;
				TargetAttributes = {
					1A21927926A565F60032A15D = {
						CreatedOnToolsVersion = 13.0;
					};
					1A21927F26A565F60032A15D = {
						CreatedOnToolsVersion = 13.0;
					};
				};
			};
			buildConfigurationList = 1A21926E26A565F50032A15D /* Build configuration list for PBXProject "Returns" */;
			compatibilityVersion = "Xcode 13.0";
			developmentRegion = en;
			hasScannedForEncodings = 0;
			knownRegions = (
				en,
				Base,
			);
			mainGroup = 1A21926A26A565F50032A15D;
			packageReferences = (
				1A6AD1BB273683FB004FA67B /* XCRemoteSwiftPackageReference "Money" */,
				1A3026CB27391228008B0980 /* XCRemoteSwiftPackageReference "swiftui-charts" */,
			);
			productRefGroup = 1A21927B26A565F60032A15D /* Products */;
			projectDirPath = "";
			projectRoot = "";
			targets = (
				1A21927926A565F60032A15D /* Returns (iOS) */,
				1A21927F26A565F60032A15D /* Returns (macOS) */,
			);
		};
/* End PBXProject section */

/* Begin PBXResourcesBuildPhase section */
		1A21927826A565F60032A15D /* Resources */ = {
			isa = PBXResourcesBuildPhase;
			buildActionMask = 2147483647;
			files = (
				1A21928926A565F60032A15D /* Assets.xcassets in Resources */,
			);
			runOnlyForDeploymentPostprocessing = 0;
		};
		1A21927E26A565F60032A15D /* Resources */ = {
			isa = PBXResourcesBuildPhase;
			buildActionMask = 2147483647;
			files = (
				1A21928A26A565F60032A15D /* Assets.xcassets in Resources */,
				1AA90ABD2738A6E500D8A794 /* InfoPlist.strings in Resources */,
			);
			runOnlyForDeploymentPostprocessing = 0;
		};
/* End PBXResourcesBuildPhase section */

/* Begin PBXSourcesBuildPhase section */
		1A21927626A565F60032A15D /* Sources */ = {
			isa = PBXSourcesBuildPhase;
			buildActionMask = 2147483647;
			files = (
				1A21929A26A574C00032A15D /* PortfolioListView.swift in Sources */,
				1A15839C27375D6500F118F1 /* PortfolioSettings.swift in Sources */,
				1AF18EA027325121008C9984 /* Date.swift in Sources */,
				1AF18EA427325859008C9984 /* Record.swift in Sources */,
				1AA75736273B4BF8002ABCD6 /* ChartData.swift in Sources */,
				1A1583A027377D7300F118F1 /* Cryptocurrency.swift in Sources */,
				1A16F4F52737E816002F73C0 /* CurrencyFormatter.swift in Sources */,
				1A21928126A565F60032A15D /* Returns.xcdatamodeld in Sources */,
				1AF18EA227325853008C9984 /* Portfolio.swift in Sources */,
				1A21928726A565F60032A15D /* Persistence.swift in Sources */,
				1A6AD1C22736847F004FA67B /* Currency.swift in Sources */,
				1AF18EA327325856008C9984 /* Account.swift in Sources */,
				1AA75733273B42F7002ABCD6 /* Decimal.swift in Sources */,
				1AA90ABF2738B98900D8A794 /* PortfolioConfig.swift in Sources */,
				1A5F38F72736C60600105DD3 /* CurrencySymbol.swift in Sources */,
				1A21928326A565F60032A15D /* ReturnsApp.swift in Sources */,
				1AA75730273B40B7002ABCD6 /* Balance.swift in Sources */,
				1A21928526A565F60032A15D /* ContentView.swift in Sources */,
			);
			runOnlyForDeploymentPostprocessing = 0;
		};
		1A21927C26A565F60032A15D /* Sources */ = {
			isa = PBXSourcesBuildPhase;
			buildActionMask = 2147483647;
			files = (
				1A966C732734A06700B0CA93 /* AccountRow.swift in Sources */,
				1A16F4F62737E816002F73C0 /* CurrencyFormatter.swift in Sources */,
				1A21929C26A574D90032A15D /* PortfolioListView.swift in Sources */,
				1ABDFD652735240B00959FA8 /* ConfigurePortfolioView.swift in Sources */,
				1A5F38F82736C60600105DD3 /* CurrencySymbol.swift in Sources */,
				1AF18E9B27324CB2008C9984 /* Account.swift in Sources */,
				1AA90AC02738B98900D8A794 /* PortfolioConfig.swift in Sources */,
				1A7DE6932739208C00250471 /* GrowthChart.swift in Sources */,
				1A15839D27375D6500F118F1 /* PortfolioSettings.swift in Sources */,
				1A0CCDCF2734BCD5008844F2 /* RenameSheet.swift in Sources */,
				1A1583A127377D7300F118F1 /* Cryptocurrency.swift in Sources */,
				1AF18E9D27324CFB008C9984 /* Record.swift in Sources */,
				1A21928226A565F60032A15D /* Returns.xcdatamodeld in Sources */,
				1AA75731273B40B7002ABCD6 /* Balance.swift in Sources */,
				1A21928826A565F60032A15D /* Persistence.swift in Sources */,
				1A21928426A565F60032A15D /* ReturnsApp.swift in Sources */,
				1A21929E26A6C1020032A15D /* Sidebar.swift in Sources */,
				1A6AD1C32736847F004FA67B /* Currency.swift in Sources */,
				1AA75737273B4BF8002ABCD6 /* ChartData.swift in Sources */,
				1A21928626A565F60032A15D /* ContentView.swift in Sources */,
				1A0484C5272E9BB60008E1F3 /* AccountRecordList.swift in Sources */,
				1A718C032731145F00B26288 /* PortfolioView.swift in Sources */,
				1A6AD1C627368A81004FA67B /* SettingsView.swift in Sources */,
				1A466BE527328CB5003FE54A /* RecordCell.swift in Sources */,
				1A718C06273127B500B26288 /* Portfolio.swift in Sources */,
				1AF18EA127325121008C9984 /* Date.swift in Sources */,
				1A10191A2733A9D60058D817 /* TableViewController.swift in Sources */,
				1AF18E9927321175008C9984 /* PortfolioRow.swift in Sources */,
				1AA75734273B42F7002ABCD6 /* Decimal.swift in Sources */,
			);
			runOnlyForDeploymentPostprocessing = 0;
		};
/* End PBXSourcesBuildPhase section */

/* Begin XCBuildConfiguration section */
		1A21928B26A565F60032A15D /* Debug */ = {
			isa = XCBuildConfiguration;
			buildSettings = {
				ALWAYS_SEARCH_USER_PATHS = NO;
				CLANG_ANALYZER_NONNULL = YES;
				CLANG_ANALYZER_NUMBER_OBJECT_CONVERSION = YES_AGGRESSIVE;
				CLANG_CXX_LANGUAGE_STANDARD = "gnu++17";
				CLANG_CXX_LIBRARY = "libc++";
				CLANG_ENABLE_MODULES = YES;
				CLANG_ENABLE_OBJC_ARC = YES;
				CLANG_ENABLE_OBJC_WEAK = YES;
				CLANG_WARN_BLOCK_CAPTURE_AUTORELEASING = YES;
				CLANG_WARN_BOOL_CONVERSION = YES;
				CLANG_WARN_COMMA = YES;
				CLANG_WARN_CONSTANT_CONVERSION = YES;
				CLANG_WARN_DEPRECATED_OBJC_IMPLEMENTATIONS = YES;
				CLANG_WARN_DIRECT_OBJC_ISA_USAGE = YES_ERROR;
				CLANG_WARN_DOCUMENTATION_COMMENTS = YES;
				CLANG_WARN_EMPTY_BODY = YES;
				CLANG_WARN_ENUM_CONVERSION = YES;
				CLANG_WARN_INFINITE_RECURSION = YES;
				CLANG_WARN_INT_CONVERSION = YES;
				CLANG_WARN_NON_LITERAL_NULL_CONVERSION = YES;
				CLANG_WARN_OBJC_IMPLICIT_RETAIN_SELF = YES;
				CLANG_WARN_OBJC_LITERAL_CONVERSION = YES;
				CLANG_WARN_OBJC_ROOT_CLASS = YES_ERROR;
				CLANG_WARN_QUOTED_INCLUDE_IN_FRAMEWORK_HEADER = YES;
				CLANG_WARN_RANGE_LOOP_ANALYSIS = YES;
				CLANG_WARN_STRICT_PROTOTYPES = YES;
				CLANG_WARN_SUSPICIOUS_MOVE = YES;
				CLANG_WARN_UNGUARDED_AVAILABILITY = YES_AGGRESSIVE;
				CLANG_WARN_UNREACHABLE_CODE = YES;
				CLANG_WARN__DUPLICATE_METHOD_MATCH = YES;
				COPY_PHASE_STRIP = NO;
				DEBUG_INFORMATION_FORMAT = dwarf;
				ENABLE_STRICT_OBJC_MSGSEND = YES;
				ENABLE_TESTABILITY = YES;
				GCC_C_LANGUAGE_STANDARD = gnu11;
				GCC_DYNAMIC_NO_PIC = NO;
				GCC_NO_COMMON_BLOCKS = YES;
				GCC_OPTIMIZATION_LEVEL = 0;
				GCC_PREPROCESSOR_DEFINITIONS = (
					"DEBUG=1",
					"$(inherited)",
				);
				GCC_WARN_64_TO_32_BIT_CONVERSION = YES;
				GCC_WARN_ABOUT_RETURN_TYPE = YES_ERROR;
				GCC_WARN_UNDECLARED_SELECTOR = YES;
				GCC_WARN_UNINITIALIZED_AUTOS = YES_AGGRESSIVE;
				GCC_WARN_UNUSED_FUNCTION = YES;
				GCC_WARN_UNUSED_VARIABLE = YES;
				MTL_ENABLE_DEBUG_INFO = INCLUDE_SOURCE;
				MTL_FAST_MATH = YES;
				ONLY_ACTIVE_ARCH = YES;
				SWIFT_ACTIVE_COMPILATION_CONDITIONS = DEBUG;
				SWIFT_OPTIMIZATION_LEVEL = "-Onone";
			};
			name = Debug;
		};
		1A21928C26A565F60032A15D /* Release */ = {
			isa = XCBuildConfiguration;
			buildSettings = {
				ALWAYS_SEARCH_USER_PATHS = NO;
				CLANG_ANALYZER_NONNULL = YES;
				CLANG_ANALYZER_NUMBER_OBJECT_CONVERSION = YES_AGGRESSIVE;
				CLANG_CXX_LANGUAGE_STANDARD = "gnu++17";
				CLANG_CXX_LIBRARY = "libc++";
				CLANG_ENABLE_MODULES = YES;
				CLANG_ENABLE_OBJC_ARC = YES;
				CLANG_ENABLE_OBJC_WEAK = YES;
				CLANG_WARN_BLOCK_CAPTURE_AUTORELEASING = YES;
				CLANG_WARN_BOOL_CONVERSION = YES;
				CLANG_WARN_COMMA = YES;
				CLANG_WARN_CONSTANT_CONVERSION = YES;
				CLANG_WARN_DEPRECATED_OBJC_IMPLEMENTATIONS = YES;
				CLANG_WARN_DIRECT_OBJC_ISA_USAGE = YES_ERROR;
				CLANG_WARN_DOCUMENTATION_COMMENTS = YES;
				CLANG_WARN_EMPTY_BODY = YES;
				CLANG_WARN_ENUM_CONVERSION = YES;
				CLANG_WARN_INFINITE_RECURSION = YES;
				CLANG_WARN_INT_CONVERSION = YES;
				CLANG_WARN_NON_LITERAL_NULL_CONVERSION = YES;
				CLANG_WARN_OBJC_IMPLICIT_RETAIN_SELF = YES;
				CLANG_WARN_OBJC_LITERAL_CONVERSION = YES;
				CLANG_WARN_OBJC_ROOT_CLASS = YES_ERROR;
				CLANG_WARN_QUOTED_INCLUDE_IN_FRAMEWORK_HEADER = YES;
				CLANG_WARN_RANGE_LOOP_ANALYSIS = YES;
				CLANG_WARN_STRICT_PROTOTYPES = YES;
				CLANG_WARN_SUSPICIOUS_MOVE = YES;
				CLANG_WARN_UNGUARDED_AVAILABILITY = YES_AGGRESSIVE;
				CLANG_WARN_UNREACHABLE_CODE = YES;
				CLANG_WARN__DUPLICATE_METHOD_MATCH = YES;
				COPY_PHASE_STRIP = NO;
				DEBUG_INFORMATION_FORMAT = "dwarf-with-dsym";
				ENABLE_NS_ASSERTIONS = NO;
				ENABLE_STRICT_OBJC_MSGSEND = YES;
				GCC_C_LANGUAGE_STANDARD = gnu11;
				GCC_NO_COMMON_BLOCKS = YES;
				GCC_WARN_64_TO_32_BIT_CONVERSION = YES;
				GCC_WARN_ABOUT_RETURN_TYPE = YES_ERROR;
				GCC_WARN_UNDECLARED_SELECTOR = YES;
				GCC_WARN_UNINITIALIZED_AUTOS = YES_AGGRESSIVE;
				GCC_WARN_UNUSED_FUNCTION = YES;
				GCC_WARN_UNUSED_VARIABLE = YES;
				MTL_ENABLE_DEBUG_INFO = NO;
				MTL_FAST_MATH = YES;
				SWIFT_COMPILATION_MODE = wholemodule;
				SWIFT_OPTIMIZATION_LEVEL = "-O";
			};
			name = Release;
		};
		1A21928E26A565F60032A15D /* Debug */ = {
			isa = XCBuildConfiguration;
			buildSettings = {
				ASSETCATALOG_COMPILER_APPICON_NAME = AppIcon;
				ASSETCATALOG_COMPILER_GLOBAL_ACCENT_COLOR_NAME = AccentColor;
				CODE_SIGN_STYLE = Automatic;
				CURRENT_PROJECT_VERSION = 1;
				DEVELOPMENT_TEAM = 9A3W22M8YB;
				ENABLE_PREVIEWS = YES;
				GENERATE_INFOPLIST_FILE = YES;
				INFOPLIST_KEY_UIApplicationSceneManifest_Generation = YES;
				INFOPLIST_KEY_UIApplicationSupportsIndirectInputEvents = YES;
				INFOPLIST_KEY_UILaunchScreen_Generation = YES;
				INFOPLIST_KEY_UISupportedInterfaceOrientations_iPad = "UIInterfaceOrientationPortrait UIInterfaceOrientationPortraitUpsideDown UIInterfaceOrientationLandscapeLeft UIInterfaceOrientationLandscapeRight";
				INFOPLIST_KEY_UISupportedInterfaceOrientations_iPhone = "UIInterfaceOrientationPortrait UIInterfaceOrientationLandscapeLeft UIInterfaceOrientationLandscapeRight";
				IPHONEOS_DEPLOYMENT_TARGET = 14.0;
				LD_RUNPATH_SEARCH_PATHS = (
					"$(inherited)",
					"@executable_path/Frameworks",
				);
				MARKETING_VERSION = 1.0;
				PRODUCT_BUNDLE_IDENTIFIER = com.ashchan.Returns;
				PRODUCT_NAME = Returns;
				SDKROOT = iphoneos;
				SWIFT_EMIT_LOC_STRINGS = YES;
				SWIFT_VERSION = 5.0;
				TARGETED_DEVICE_FAMILY = "1,2";
			};
			name = Debug;
		};
		1A21928F26A565F60032A15D /* Release */ = {
			isa = XCBuildConfiguration;
			buildSettings = {
				ASSETCATALOG_COMPILER_APPICON_NAME = AppIcon;
				ASSETCATALOG_COMPILER_GLOBAL_ACCENT_COLOR_NAME = AccentColor;
				CODE_SIGN_STYLE = Automatic;
				CURRENT_PROJECT_VERSION = 1;
				DEVELOPMENT_TEAM = 9A3W22M8YB;
				ENABLE_PREVIEWS = YES;
				GENERATE_INFOPLIST_FILE = YES;
				INFOPLIST_KEY_UIApplicationSceneManifest_Generation = YES;
				INFOPLIST_KEY_UIApplicationSupportsIndirectInputEvents = YES;
				INFOPLIST_KEY_UILaunchScreen_Generation = YES;
				INFOPLIST_KEY_UISupportedInterfaceOrientations_iPad = "UIInterfaceOrientationPortrait UIInterfaceOrientationPortraitUpsideDown UIInterfaceOrientationLandscapeLeft UIInterfaceOrientationLandscapeRight";
				INFOPLIST_KEY_UISupportedInterfaceOrientations_iPhone = "UIInterfaceOrientationPortrait UIInterfaceOrientationLandscapeLeft UIInterfaceOrientationLandscapeRight";
				IPHONEOS_DEPLOYMENT_TARGET = 14.0;
				LD_RUNPATH_SEARCH_PATHS = (
					"$(inherited)",
					"@executable_path/Frameworks",
				);
				MARKETING_VERSION = 1.0;
				PRODUCT_BUNDLE_IDENTIFIER = com.ashchan.Returns;
				PRODUCT_NAME = Returns;
				SDKROOT = iphoneos;
				SWIFT_EMIT_LOC_STRINGS = YES;
				SWIFT_VERSION = 5.0;
				TARGETED_DEVICE_FAMILY = "1,2";
				VALIDATE_PRODUCT = YES;
			};
			name = Release;
		};
		1A21929126A565F60032A15D /* Debug */ = {
			isa = XCBuildConfiguration;
			buildSettings = {
				ASSETCATALOG_COMPILER_APPICON_NAME = AppIcon;
				ASSETCATALOG_COMPILER_GLOBAL_ACCENT_COLOR_NAME = AccentColor;
				CODE_SIGN_IDENTITY = "Apple Development";
				CODE_SIGN_STYLE = Automatic;
				COMBINE_HIDPI_IMAGES = YES;
				CURRENT_PROJECT_VERSION = 1;
				DEVELOPMENT_TEAM = 9A3W22M8YB;
				ENABLE_APP_SANDBOX = YES;
				ENABLE_HARDENED_RUNTIME = YES;
				ENABLE_PREVIEWS = YES;
				ENABLE_USER_SELECTED_FILES = readonly;
				GENERATE_INFOPLIST_FILE = YES;
				INFOPLIST_FILE = macOS/Info.plist;
				INFOPLIST_KEY_CFBundleDisplayName = Returns;
				INFOPLIST_KEY_LSApplicationCategoryType = "public.app-category.finance";
				INFOPLIST_KEY_NSHumanReadableCopyright = "Copyright © Jianming Chen. All rights reserved.";
				LD_RUNPATH_SEARCH_PATHS = (
					"$(inherited)",
					"@executable_path/../Frameworks",
				);
				MACOSX_DEPLOYMENT_TARGET = 11.0;
				MARKETING_VERSION = 1.0;
				PRODUCT_BUNDLE_IDENTIFIER = com.ashchan.Returns;
				PRODUCT_NAME = Returns;
				SDKROOT = macosx;
				SWIFT_EMIT_LOC_STRINGS = YES;
				SWIFT_VERSION = 5.0;
			};
			name = Debug;
		};
		1A21929226A565F60032A15D /* Release */ = {
			isa = XCBuildConfiguration;
			buildSettings = {
				ASSETCATALOG_COMPILER_APPICON_NAME = AppIcon;
				ASSETCATALOG_COMPILER_GLOBAL_ACCENT_COLOR_NAME = AccentColor;
				CODE_SIGN_IDENTITY = "Apple Development";
				CODE_SIGN_STYLE = Automatic;
				COMBINE_HIDPI_IMAGES = YES;
				CURRENT_PROJECT_VERSION = 1;
				DEVELOPMENT_TEAM = 9A3W22M8YB;
				ENABLE_APP_SANDBOX = YES;
				ENABLE_HARDENED_RUNTIME = YES;
				ENABLE_PREVIEWS = YES;
				ENABLE_USER_SELECTED_FILES = readonly;
				GENERATE_INFOPLIST_FILE = YES;
				INFOPLIST_FILE = macOS/Info.plist;
				INFOPLIST_KEY_CFBundleDisplayName = Returns;
				INFOPLIST_KEY_LSApplicationCategoryType = "public.app-category.finance";
				INFOPLIST_KEY_NSHumanReadableCopyright = "Copyright © Jianming Chen. All rights reserved.";
				LD_RUNPATH_SEARCH_PATHS = (
					"$(inherited)",
					"@executable_path/../Frameworks",
				);
				MACOSX_DEPLOYMENT_TARGET = 11.0;
				MARKETING_VERSION = 1.0;
				PRODUCT_BUNDLE_IDENTIFIER = com.ashchan.Returns;
				PRODUCT_NAME = Returns;
				SDKROOT = macosx;
				SWIFT_EMIT_LOC_STRINGS = YES;
				SWIFT_VERSION = 5.0;
			};
			name = Release;
		};
/* End XCBuildConfiguration section */

/* Begin XCConfigurationList section */
		1A21926E26A565F50032A15D /* Build configuration list for PBXProject "Returns" */ = {
			isa = XCConfigurationList;
			buildConfigurations = (
				1A21928B26A565F60032A15D /* Debug */,
				1A21928C26A565F60032A15D /* Release */,
			);
			defaultConfigurationIsVisible = 0;
			defaultConfigurationName = Release;
		};
		1A21928D26A565F60032A15D /* Build configuration list for PBXNativeTarget "Returns (iOS)" */ = {
			isa = XCConfigurationList;
			buildConfigurations = (
				1A21928E26A565F60032A15D /* Debug */,
				1A21928F26A565F60032A15D /* Release */,
			);
			defaultConfigurationIsVisible = 0;
			defaultConfigurationName = Release;
		};
		1A21929026A565F60032A15D /* Build configuration list for PBXNativeTarget "Returns (macOS)" */ = {
			isa = XCConfigurationList;
			buildConfigurations = (
				1A21929126A565F60032A15D /* Debug */,
				1A21929226A565F60032A15D /* Release */,
			);
			defaultConfigurationIsVisible = 0;
			defaultConfigurationName = Release;
		};
/* End XCConfigurationList section */

/* Begin XCRemoteSwiftPackageReference section */
		1A3026CB27391228008B0980 /* XCRemoteSwiftPackageReference "swiftui-charts" */ = {
			isa = XCRemoteSwiftPackageReference;
			repositoryURL = "https://github.com/spacenation/swiftui-charts";
			requirement = {
				kind = upToNextMajorVersion;
				minimumVersion = 1.0.0;
			};
		};
		1A6AD1BB273683FB004FA67B /* XCRemoteSwiftPackageReference "Money" */ = {
			isa = XCRemoteSwiftPackageReference;
			repositoryURL = "https://github.com/Flight-School/Money";
			requirement = {
				kind = upToNextMajorVersion;
				minimumVersion = 1.0.0;
			};
		};
/* End XCRemoteSwiftPackageReference section */

/* Begin XCSwiftPackageProductDependency section */
		1A3026CC27391228008B0980 /* Charts */ = {
			isa = XCSwiftPackageProductDependency;
			package = 1A3026CB27391228008B0980 /* XCRemoteSwiftPackageReference "swiftui-charts" */;
			productName = Charts;
		};
		1A6AD1BC273683FB004FA67B /* Money */ = {
			isa = XCSwiftPackageProductDependency;
			package = 1A6AD1BB273683FB004FA67B /* XCRemoteSwiftPackageReference "Money" */;
			productName = Money;
		};
		1A6AD1BF27368471004FA67B /* Money */ = {
			isa = XCSwiftPackageProductDependency;
			package = 1A6AD1BB273683FB004FA67B /* XCRemoteSwiftPackageReference "Money" */;
			productName = Money;
		};
/* End XCSwiftPackageProductDependency section */

/* Begin XCVersionGroup section */
		1A21927026A565F50032A15D /* Returns.xcdatamodeld */ = {
			isa = XCVersionGroup;
			children = (
				1A21927126A565F50032A15D /* Shared.xcdatamodel */,
			);
			currentVersion = 1A21927126A565F50032A15D /* Shared.xcdatamodel */;
			path = Returns.xcdatamodeld;
			sourceTree = "<group>";
			versionGroupType = wrapper.xcdatamodel;
		};
/* End XCVersionGroup section */
	};
	rootObject = 1A21926B26A565F50032A15D /* Project object */;
}
